<?xml version="1.0"?>
<CONFIG>
  <ProjectOptions>
    <Version Value="9"/>
    <PathDelim Value="\"/>
    <General>
      <SessionStorage Value="InProjectDir"/>
      <MainUnit Value="0"/>
      <Title Value="project1"/>
      <ResourceType Value="res"/>
      <UseXPManifest Value="True"/>
      <Icon Value="0"/>
    </General>
    <i18n>
      <EnableI18N LFM="False"/>
    </i18n>
    <VersionInfo>
      <StringTable ProductVersion=""/>
    </VersionInfo>
    <BuildModes Count="1">
      <Item1 Name="Default" Default="True"/>
    </BuildModes>
    <PublishOptions>
      <Version Value="2"/>
      <IncludeFileFilter Value="*.(pas|pp|inc|lfm|lpr|lrs|lpi|lpk|sh|xml)"/>
      <ExcludeFileFilter Value="*.(bak|ppu|o|so);*~;backup"/>
    </PublishOptions>
    <RunParams>
      <local>
        <FormatVersion Value="1"/>
        <LaunchingApplication PathPlusParams="\usr\bin\xterm -T 'Lazarus Run Output' -e $(LazarusDir)\tools\runwait.sh $(TargetCmdLine)"/>
      </local>
    </RunParams>
    <RequiredPackages Count="1">
      <Item1>
        <PackageName Value="LCL"/>
      </Item1>
    </RequiredPackages>
    <Units Count="10">
      <Unit0>
        <Filename Value="project1.lpr"/>
        <IsPartOfProject Value="True"/>
        <UnitName Value="project1"/>
      </Unit0>
      <Unit1>
        <Filename Value="umainform.pas"/>
        <IsPartOfProject Value="True"/>
        <ComponentName Value="MainForm"/>
        <HasResources Value="True"/>
        <ResourceBaseClass Value="Form"/>
        <UnitName Value="UMainForm"/>
      </Unit1>
      <Unit2>
        <Filename Value="utools.pas"/>
        <IsPartOfProject Value="True"/>
        <UnitName Value="UTools"/>
      </Unit2>
      <Unit3>
        <Filename Value="ufigures.pas"/>
        <IsPartOfProject Value="True"/>
        <UnitName Value="UFigures"/>
      </Unit3>
      <Unit4>
        <Filename Value="uscale.pas"/>
        <IsPartOfProject Value="True"/>
        <UnitName Value="UScale"/>
      </Unit4>
      <Unit5>
        <Filename Value="uothertools.pas"/>
        <IsPartOfProject Value="True"/>
        <UnitName Value="UOtherTools"/>
      </Unit5>
      <Unit6>
        <Filename Value="uglobalpointers.pas"/>
        <IsPartOfProject Value="True"/>
        <UnitName Value="UGlobalPointers"/>
      </Unit6>
      <Unit7>
        <Filename Value="uproperties.pas"/>
        <IsPartOfProject Value="True"/>
        <UnitName Value="UProperties"/>
      </Unit7>
      <Unit8>
        <Filename Value="ulazregions.pas"/>
        <IsPartOfProject Value="True"/>
        <UnitName Value="ULazregions"/>
      </Unit8>
      <Unit9>
        <Filename Value="uutils.pas"/>
        <IsPartOfProject Value="True"/>
        <UnitName Value="UUtils"/>
      </Unit9>
    </Units>
  </ProjectOptions>
  <CompilerOptions>
    <Version Value="11"/>
    <PathDelim Value="\"/>
    <Target>
      <Filename Value="project1"/>
    </Target>
    <SearchPaths>
      <IncludeFiles Value="$(ProjOutDir)"/>
      <UnitOutputDirectory Value="lib\$(TargetCPU)-$(TargetOS)"/>
    </SearchPaths>
    <Linking>
      <Options>
        <Win32>
          <GraphicApplication Value="True"/>
        </Win32>
      </Options>
    </Linking>
    <Other>
      <CompilerMessages>
        <MsgFileName Value=""/>
      </CompilerMessages>
      <CompilerPath Value="$(CompPath)"/>
    </Other>
  </CompilerOptions>
  <Debugging>
    <Exceptions Count="3">
      <Item1>
        <Name Value="EAbort"/>
      </Item1>
      <Item2>
        <Name Value="ECodetoolError"/>
      </Item2>
      <Item3>
        <Name Value="EFOpenError"/>
      </Item3>
    </Exceptions>
  </Debugging>
</CONFIG>
